
Microsoft Visual Studio Solution File, Format Version 12.00
# Visual Studio 2013
VisualStudioVersion = 12.0.31101.0
MinimumVisualStudioVersion = 10.0.40219.1
Project("{2150E333-8FDC-42A3-9474-1A3956D46DE8}") = "Presentation", "Presentation", "{6E8D6F68-1457-464C-81DC-FDED9267C237}"
EndProject
Project("{D954291E-2A0B-460D-934E-DC6B0785DB48}") = "CashQuotes.Shared", "CashQuotes\CashQuotes.Shared\CashQuotes.Shared.shproj", "{D6707966-426A-4562-AF0E-D6D512CE36A9}"
EndProject
Project("{FAE04EC0-301F-11D3-BF4B-00C04F79EFBC}") = "CashQuotes.Windows", "CashQuotes\CashQuotes.Windows\CashQuotes.Windows.csproj", "{03153D49-F298-4567-B987-2D2F7CE5B588}"
EndProject
Project("{FAE04EC0-301F-11D3-BF4B-00C04F79EFBC}") = "CashQuotes.WindowsPhone", "CashQuotes\CashQuotes.WindowsPhone\CashQuotes.WindowsPhone.csproj", "{62F595F9-515E-4764-A89A-37231BC6444C}"
EndProject
Project("{2150E333-8FDC-42A3-9474-1A3956D46DE8}") = "Services", "Services", "{46C412A5-E037-4C7C-92DA-0261FA7A0C01}"
EndProject
Project("{2150E333-8FDC-42A3-9474-1A3956D46DE8}") = "Tests", "Tests", "{5D6C294B-BD74-430B-B71E-4F5777070807}"
EndProject
Project("{FAE04EC0-301F-11D3-BF4B-00C04F79EFBC}") = "Tests.Unit", "Tests\Tests.Unit\Tests.Unit.csproj", "{B72659D8-AFB6-4180-B248-658B5951B5C4}"
	ProjectSection(ProjectDependencies) = postProject
		{10FDA89D-C911-458C-8E3B-B6ACEC9701C5} = {10FDA89D-C911-458C-8E3B-B6ACEC9701C5}
	EndProjectSection
EndProject
Project("{FAE04EC0-301F-11D3-BF4B-00C04F79EFBC}") = "QuoteService", "Services\QuoteService\QuoteService.csproj", "{10FDA89D-C911-458C-8E3B-B6ACEC9701C5}"
EndProject
Project("{2150E333-8FDC-42A3-9474-1A3956D46DE8}") = ".nuget", ".nuget", "{C1C4CDAB-1616-4162-8112-CD7A28A79FED}"
	ProjectSection(SolutionItems) = preProject
		.nuget\NuGet.Config = .nuget\NuGet.Config
		.nuget\NuGet.exe = .nuget\NuGet.exe
		.nuget\NuGet.targets = .nuget\NuGet.targets
	EndProjectSection
EndProject
Global
	GlobalSection(SharedMSBuildProjectFiles) = preSolution
		CashQuotes\CashQuotes.Shared\CashQuotes.Shared.projitems*{03153d49-f298-4567-b987-2d2f7ce5b588}*SharedItemsImports = 4
		CashQuotes\CashQuotes.Shared\CashQuotes.Shared.projitems*{62f595f9-515e-4764-a89a-37231bc6444c}*SharedItemsImports = 4
		CashQuotes\CashQuotes.Shared\CashQuotes.Shared.projitems*{d6707966-426a-4562-af0e-d6d512ce36a9}*SharedItemsImports = 13
	EndGlobalSection
	GlobalSection(SolutionConfigurationPlatforms) = preSolution
		Debug|Any CPU = Debug|Any CPU
		Debug|ARM = Debug|ARM
		Debug|x64 = Debug|x64
		Debug|x86 = Debug|x86
		Release|Any CPU = Release|Any CPU
		Release|ARM = Release|ARM
		Release|x64 = Release|x64
		Release|x86 = Release|x86
	EndGlobalSection
	GlobalSection(ProjectConfigurationPlatforms) = postSolution
		{03153D49-F298-4567-B987-2D2F7CE5B588}.Debug|Any CPU.ActiveCfg = Debug|Any CPU
		{03153D49-F298-4567-B987-2D2F7CE5B588}.Debug|Any CPU.Build.0 = Debug|Any CPU
		{03153D49-F298-4567-B987-2D2F7CE5B588}.Debug|Any CPU.Deploy.0 = Debug|Any CPU
		{03153D49-F298-4567-B987-2D2F7CE5B588}.Debug|ARM.ActiveCfg = Debug|ARM
		{03153D49-F298-4567-B987-2D2F7CE5B588}.Debug|ARM.Build.0 = Debug|ARM
		{03153D49-F298-4567-B987-2D2F7CE5B588}.Debug|ARM.Deploy.0 = Debug|ARM
		{03153D49-F298-4567-B987-2D2F7CE5B588}.Debug|x64.ActiveCfg = Debug|x64
		{03153D49-F298-4567-B987-2D2F7CE5B588}.Debug|x64.Build.0 = Debug|x64
		{03153D49-F298-4567-B987-2D2F7CE5B588}.Debug|x64.Deploy.0 = Debug|x64
		{03153D49-F298-4567-B987-2D2F7CE5B588}.Debug|x86.ActiveCfg = Debug|x86
		{03153D49-F298-4567-B987-2D2F7CE5B588}.Debug|x86.Build.0 = Debug|x86
		{03153D49-F298-4567-B987-2D2F7CE5B588}.Debug|x86.Deploy.0 = Debug|x86
		{03153D49-F298-4567-B987-2D2F7CE5B588}.Release|Any CPU.ActiveCfg = Release|Any CPU
		{03153D49-F298-4567-B987-2D2F7CE5B588}.Release|Any CPU.Build.0 = Release|Any CPU
		{03153D49-F298-4567-B987-2D2F7CE5B588}.Release|Any CPU.Deploy.0 = Release|Any CPU
		{03153D49-F298-4567-B987-2D2F7CE5B588}.Release|ARM.ActiveCfg = Release|ARM
		{03153D49-F298-4567-B987-2D2F7CE5B588}.Release|ARM.Build.0 = Release|ARM
		{03153D49-F298-4567-B987-2D2F7CE5B588}.Release|ARM.Deploy.0 = Release|ARM
		{03153D49-F298-4567-B987-2D2F7CE5B588}.Release|x64.ActiveCfg = Release|x64
		{03153D49-F298-4567-B987-2D2F7CE5B588}.Release|x64.Build.0 = Release|x64
		{03153D49-F298-4567-B987-2D2F7CE5B588}.Release|x64.Deploy.0 = Release|x64
		{03153D49-F298-4567-B987-2D2F7CE5B588}.Release|x86.ActiveCfg = Release|x86
		{03153D49-F298-4567-B987-2D2F7CE5B588}.Release|x86.Build.0 = Release|x86
		{03153D49-F298-4567-B987-2D2F7CE5B588}.Release|x86.Deploy.0 = Release|x86
		{62F595F9-515E-4764-A89A-37231BC6444C}.Debug|Any CPU.ActiveCfg = Debug|Any CPU
		{62F595F9-515E-4764-A89A-37231BC6444C}.Debug|Any CPU.Build.0 = Debug|Any CPU
		{62F595F9-515E-4764-A89A-37231BC6444C}.Debug|Any CPU.Deploy.0 = Debug|Any CPU
		{62F595F9-515E-4764-A89A-37231BC6444C}.Debug|ARM.ActiveCfg = Debug|ARM
		{62F595F9-515E-4764-A89A-37231BC6444C}.Debug|ARM.Build.0 = Debug|ARM
		{62F595F9-515E-4764-A89A-37231BC6444C}.Debug|ARM.Deploy.0 = Debug|ARM
		{62F595F9-515E-4764-A89A-37231BC6444C}.Debug|x64.ActiveCfg = Debug|Any CPU
		{62F595F9-515E-4764-A89A-37231BC6444C}.Debug|x86.ActiveCfg = Debug|x86
		{62F595F9-515E-4764-A89A-37231BC6444C}.Debug|x86.Build.0 = Debug|x86
		{62F595F9-515E-4764-A89A-37231BC6444C}.Debug|x86.Deploy.0 = Debug|x86
		{62F595F9-515E-4764-A89A-37231BC6444C}.Release|Any CPU.ActiveCfg = Release|Any CPU
		{62F595F9-515E-4764-A89A-37231BC6444C}.Release|Any CPU.Build.0 = Release|Any CPU
		{62F595F9-515E-4764-A89A-37231BC6444C}.Release|Any CPU.Deploy.0 = Release|Any CPU
		{62F595F9-515E-4764-A89A-37231BC6444C}.Release|ARM.ActiveCfg = Release|ARM
		{62F595F9-515E-4764-A89A-37231BC6444C}.Release|ARM.Build.0 = Release|ARM
		{62F595F9-515E-4764-A89A-37231BC6444C}.Release|ARM.Deploy.0 = Release|ARM
		{62F595F9-515E-4764-A89A-37231BC6444C}.Release|x64.ActiveCfg = Release|Any CPU
		{62F595F9-515E-4764-A89A-37231BC6444C}.Release|x86.ActiveCfg = Release|x86
		{62F595F9-515E-4764-A89A-37231BC6444C}.Release|x86.Build.0 = Release|x86
		{62F595F9-515E-4764-A89A-37231BC6444C}.Release|x86.Deploy.0 = Release|x86
		{B72659D8-AFB6-4180-B248-658B5951B5C4}.Debug|Any CPU.ActiveCfg = Debug|Any CPU
		{B72659D8-AFB6-4180-B248-658B5951B5C4}.Debug|Any CPU.Build.0 = Debug|Any CPU
		{B72659D8-AFB6-4180-B248-658B5951B5C4}.Debug|ARM.ActiveCfg = Debug|Any CPU
		{B72659D8-AFB6-4180-B248-658B5951B5C4}.Debug|x64.ActiveCfg = Debug|Any CPU
		{B72659D8-AFB6-4180-B248-658B5951B5C4}.Debug|x86.ActiveCfg = Debug|Any CPU
		{B72659D8-AFB6-4180-B248-658B5951B5C4}.Release|Any CPU.ActiveCfg = Release|Any CPU
		{B72659D8-AFB6-4180-B248-658B5951B5C4}.Release|Any CPU.Build.0 = Release|Any CPU
		{B72659D8-AFB6-4180-B248-658B5951B5C4}.Release|ARM.ActiveCfg = Release|Any CPU
		{B72659D8-AFB6-4180-B248-658B5951B5C4}.Release|x64.ActiveCfg = Release|Any CPU
		{B72659D8-AFB6-4180-B248-658B5951B5C4}.Release|x86.ActiveCfg = Release|Any CPU
		{10FDA89D-C911-458C-8E3B-B6ACEC9701C5}.Debug|Any CPU.ActiveCfg = Debug|Any CPU
		{10FDA89D-C911-458C-8E3B-B6ACEC9701C5}.Debug|Any CPU.Build.0 = Debug|Any CPU
		{10FDA89D-C911-458C-8E3B-B6ACEC9701C5}.Debug|ARM.ActiveCfg = Debug|Any CPU
		{10FDA89D-C911-458C-8E3B-B6ACEC9701C5}.Debug|x64.ActiveCfg = Debug|Any CPU
		{10FDA89D-C911-458C-8E3B-B6ACEC9701C5}.Debug|x86.ActiveCfg = Debug|Any CPU
		{10FDA89D-C911-458C-8E3B-B6ACEC9701C5}.Release|Any CPU.ActiveCfg = Release|Any CPU
		{10FDA89D-C911-458C-8E3B-B6ACEC9701C5}.Release|Any CPU.Build.0 = Release|Any CPU
		{10FDA89D-C911-458C-8E3B-B6ACEC9701C5}.Release|ARM.ActiveCfg = Release|Any CPU
		{10FDA89D-C911-458C-8E3B-B6ACEC9701C5}.Release|x64.ActiveCfg = Release|Any CPU
		{10FDA89D-C911-458C-8E3B-B6ACEC9701C5}.Release|x86.ActiveCfg = Release|Any CPU
	EndGlobalSection
	GlobalSection(SolutionProperties) = preSolution
		HideSolutionNode = FALSE
	EndGlobalSection
	GlobalSection(NestedProjects) = preSolution
		{D6707966-426A-4562-AF0E-D6D512CE36A9} = {6E8D6F68-1457-464C-81DC-FDED9267C237}
		{03153D49-F298-4567-B987-2D2F7CE5B588} = {6E8D6F68-1457-464C-81DC-FDED9267C237}
		{62F595F9-515E-4764-A89A-37231BC6444C} = {6E8D6F68-1457-464C-81DC-FDED9267C237}
		{B72659D8-AFB6-4180-B248-658B5951B5C4} = {5D6C294B-BD74-430B-B71E-4F5777070807}
		{10FDA89D-C911-458C-8E3B-B6ACEC9701C5} = {46C412A5-E037-4C7C-92DA-0261FA7A0C01}
	EndGlobalSection
EndGlobal
